{
    "_readme": [
        "This file locks the dependencies of your project to a known state",
        "Read more about it at https://getcomposer.org/doc/01-basic-usage.md#installing-dependencies",
        "This file is @generated automatically"
    ],
    "content-hash": "bad041f83ebc4a0d57e3003a7f9b1d07",
    "packages": [
        {
            "name": "kairos/phpqrcode",
            "version": "v1.0.0",
            "source": {
                "type": "git",
                "url": "https://github.com/kairosagency/phpqrcode.git",
                "reference": "6770ecbe0e8c7d806c5779ad38b20c9acf5427d9"
            },
            "dist": {
                "type": "zip",
                "url": "https://api.github.com/repos/kairosagency/phpqrcode/zipball/6770ecbe0e8c7d806c5779ad38b20c9acf5427d9",
                "reference": "6770ecbe0e8c7d806c5779ad38b20c9acf5427d9",
                "shasum": ""
            },
            "require": {
                "php": ">=4.3.10"
            },
            "type": "library",
            "autoload": {
                "files": [
                    "qrlib.php"
                ]
            },
            "notification-url": "https://packagist.org/downloads/",
            "license": [
                "LGPL"
            ],
            "authors": [
                {
                    "name": "Kairos Agency"
                }
            ],
            "description": "A PHP class to generate QR Code",
            "homepage": "http://github.com/kairosagency/phpqrcode",
            "keywords": [
                "php",
                "qrcode"
            ],
            "time": "2013-03-20T17:48:23+00:00"
        },
        {
            "name": "workerman/workerman",
            "version": "v3.5.17",
            "source": {
                "type": "git",
                "url": "https://github.com/walkor/Workerman.git",
                "reference": "8b2be5101c9f4359b98d33e5cce0f2460add709d"
            },
            "dist": {
                "type": "zip",
                "url": "https://api.github.com/repos/walkor/Workerman/zipball/8b2be5101c9f4359b98d33e5cce0f2460add709d",
                "reference": "8b2be5101c9f4359b98d33e5cce0f2460add709d",
                "shasum": ""
            },
            "require": {
                "php": ">=5.3"
            },
            "suggest": {
                "ext-event": "For better performance. "
            },
            "type": "library",
            "autoload": {
                "psr-4": {
                    "Workerman\\": "./"
                }
            },
            "notification-url": "https://packagist.org/downloads/",
            "license": [
                "MIT"
            ],
            "authors": [
                {
                    "name": "walkor",
                    "email": "walkor@workerman.net",
                    "homepage": "http://www.workerman.net",
                    "role": "Developer"
                }
            ],
            "description": "An asynchronous event driven PHP framework for easily building fast, scalable network applications.",
            "homepage": "http://www.workerman.net",
            "keywords": [
                "asynchronous",
                "event-loop"
            ],
            "time": "2018-12-27T08:12:05+00:00"
        }
    ],
    "packages-dev": [],
    "aliases": [],
    "minimum-stability": "stable",
    "stability-flags": [],
    "prefer-stable": false,
    "prefer-lowest": false,
    "platform": [],
    "platform-dev": []
}
